
Microsoft Visual Studio Solution File, Format Version 12.00
# Visual Studio Version 17
VisualStudioVersion = 17.14.36121.58 d17.14
MinimumVisualStudioVersion = 10.0.40219.1
Project("{F184B08F-C81C-45F6-A57F-5ABD9991F28F}") = "ModernDashboard", "ModernDashboard.vbproj", "{1AC90931-50A0-417C-8BC8-726902CF4CE3}"
EndProject
Global
	GlobalSection(SolutionConfigurationPlatforms) = preSolution
		Debug|Any CPU = Debug|Any CPU
		Release|Any CPU = Release|Any CPU
	EndGlobalSection
	GlobalSection(ProjectConfigurationPlatforms) = postSolution
		{1AC90931-50A0-417C-8BC8-726902CF4CE3}.Debug|Any CPU.ActiveCfg = Debug|Any CPU
		{1AC90931-50A0-417C-8BC8-726902CF4CE3}.Debug|Any CPU.Build.0 = Debug|Any CPU
		{1AC90931-50A0-417C-8BC8-726902CF4CE3}.Release|Any CPU.ActiveCfg = Release|Any CPU
		{1AC90931-50A0-417C-8BC8-726902CF4CE3}.Release|Any CPU.Build.0 = Release|Any CPU
	EndGlobalSection
	GlobalSection(SolutionProperties) = preSolution
		HideSolutionNode = FALSE
	EndGlobalSection
	GlobalSection(ExtensibilityGlobals) = postSolution
		SolutionGuid = {254BB86E-984A-4BE4-9EA4-A2AE1FDBFD47}
	EndGlobalSection
EndGlobal
